
Microsoft Visual Studio Solution File, Format Version 12.00
# Visual Studio 2015
Project("{FAE04EC0-301F-11D3-BF4B-00C04F79EFBC}") = "2IMV10-pbfs.CSharp", "2IMV10-pbfs.CSharp.csproj", "{B2627A30-52B6-EC6F-09AC-47864F56CD9B}"
EndProject
Global
	GlobalSection(SolutionConfigurationPlatforms) = preSolution
		Debug|Any CPU = Debug|Any CPU
		Release|Any CPU = Release|Any CPU
	EndGlobalSection
	GlobalSection(ProjectConfigurationPlatforms) = postSolution
		{B2627A30-52B6-EC6F-09AC-47864F56CD9B}.Debug|Any CPU.ActiveCfg = Debug|Any CPU
		{B2627A30-52B6-EC6F-09AC-47864F56CD9B}.Debug|Any CPU.Build.0 = Debug|Any CPU
		{B2627A30-52B6-EC6F-09AC-47864F56CD9B}.Release|Any CPU.ActiveCfg = Release|Any CPU
		{B2627A30-52B6-EC6F-09AC-47864F56CD9B}.Release|Any CPU.Build.0 = Release|Any CPU
	EndGlobalSection
	GlobalSection(SolutionProperties) = preSolution
		HideSolutionNode = FALSE
	EndGlobalSection
EndGlobal
