
Microsoft Visual Studio Solution File, Format Version 12.00
# Visual Studio 2015
Project("{FAE04EC0-301F-11D3-BF4B-00C04F79EFBC}") = "2IMV10-pbfs", "2IMV10-pbfs.csproj", "{91A852F6-3CB5-91F5-5494-FD142ED47038}"
EndProject
Global
	GlobalSection(SolutionConfigurationPlatforms) = preSolution
		Debug|Any CPU = Debug|Any CPU
		Release|Any CPU = Release|Any CPU
	EndGlobalSection
	GlobalSection(ProjectConfigurationPlatforms) = postSolution
		{91A852F6-3CB5-91F5-5494-FD142ED47038}.Debug|Any CPU.ActiveCfg = Debug|Any CPU
		{91A852F6-3CB5-91F5-5494-FD142ED47038}.Debug|Any CPU.Build.0 = Debug|Any CPU
		{91A852F6-3CB5-91F5-5494-FD142ED47038}.Release|Any CPU.ActiveCfg = Release|Any CPU
		{91A852F6-3CB5-91F5-5494-FD142ED47038}.Release|Any CPU.Build.0 = Release|Any CPU
	EndGlobalSection
	GlobalSection(SolutionProperties) = preSolution
		HideSolutionNode = FALSE
	EndGlobalSection
EndGlobal
